Microsoft Visual Studio Solution File, Format Version 12.00
# Visual Studio Version 16
VisualStudioVersion = 16.0.30011.22
MinimumVisualStudioVersion = 10.0.40219.1
Project("{2150E333-8FDC-42A3-9474-1A3956D46DE8}") = "Solution Items", "Solution Items", "{10939F2B-16D7-4CC0-8611-379DC02603E9}"
	ProjectSection(SolutionItems) = preProject
		src\Directory.Analyzers.ruleset = src\Directory.Analyzers.ruleset
		src\Directory.Build.props = src\Directory.Build.props
		src\Directory.Build.targets = src\Directory.Build.targets
		src\stylecop.json = src\stylecop.json
	EndProjectSection
EndProject
Project("{9A19103F-16F7-4668-BE54-9A1E7A4F7556}") = "Domains", "src\Domains\Domains.csproj", "{1C0E9A65-2672-412D-9691-275B3506207C}"
EndProject
Project("{9A19103F-16F7-4668-BE54-9A1E7A4F7556}") = "Domains.Data", "src\Domains.Data\Domains.Data.csproj", "{353BF97D-A409-4833-96CB-804DAD8AA396}"
EndProject
Project("{9A19103F-16F7-4668-BE54-9A1E7A4F7556}") = "Domains.Data.Design", "src\Domains.Data.Design\Domains.Data.Design.csproj", "{6C85A6CB-93E6-45F3-8391-ABA346EC8D8B}"
EndProject
Project("{9A19103F-16F7-4668-BE54-9A1E7A4F7556}") = "Extensions", "src\Extensions\Extensions.csproj", "{67738581-283D-4166-BD59-00F5A1AC152D}"
EndProject
Project("{9A19103F-16F7-4668-BE54-9A1E7A4F7556}") = "Extensions.AspNetCore", "src\Extensions.AspNetCore\Extensions.AspNetCore.csproj", "{A8906367-B00E-461B-8567-A3CE7C3B2519}"
EndProject
Project("{9A19103F-16F7-4668-BE54-9A1E7A4F7556}") = "Extensions.AutoMapper", "src\Extensions.AutoMapper\Extensions.AutoMapper.csproj", "{0E3CB071-3BE9-4EFE-B657-1B2EF8C559D1}"
EndProject
Project("{9A19103F-16F7-4668-BE54-9A1E7A4F7556}") = "Extensions.CsvHelper", "src\Extensions.CsvHelper\Extensions.CsvHelper.csproj", "{2C1CBB57-4690-4321-941C-FDAC547C2E73}"
EndProject
Project("{9A19103F-16F7-4668-BE54-9A1E7A4F7556}") = "Extensions.DependencyInjection", "src\Extensions.DependencyInjection\Extensions.DependencyInjection.csproj", "{79BFE79A-F3BC-40F6-BDED-0F5D76E755D1}"
EndProject
Project("{9A19103F-16F7-4668-BE54-9A1E7A4F7556}") = "Extensions.EntityFrameworkCore", "src\Extensions.EntityFrameworkCore\Extensions.EntityFrameworkCore.csproj", "{3AC1E497-D82C-4A60-B5A7-C7E53C9FEBC2}"
EndProject
Project("{9A19103F-16F7-4668-BE54-9A1E7A4F7556}") = "Extensions.EntityFrameworkCore.SqlServer", "src\Extensions.EntityFrameworkCore.SqlServer\Extensions.EntityFrameworkCore.SqlServer.csproj", "{AD694054-93F9-4FA2-B7CD-B5642FCB9C90}"
EndProject
Project("{9A19103F-16F7-4668-BE54-9A1E7A4F7556}") = "Extensions.FluentValidation", "src\Extensions.FluentValidation\Extensions.FluentValidation.csproj", "{66940BC3-2ED4-4EAC-AA18-35BEB3B9C589}"
EndProject
Project("{9A19103F-16F7-4668-BE54-9A1E7A4F7556}") = "Extensions.Identity", "src\Extensions.Identity\Extensions.Identity.csproj", "{8426A54A-068D-49A4-99AF-9924DC15E110}"
EndProject
Project("{9A19103F-16F7-4668-BE54-9A1E7A4F7556}") = "Extensions.Newtonsoft.Json", "src\Extensions.Newtonsoft.Json\Extensions.Newtonsoft.Json.csproj", "{6A7B8219-AB02-4CF2-BECA-69DAEBA632AA}"
EndProject
Project("{9A19103F-16F7-4668-BE54-9A1E7A4F7556}") = "Extensions.Polly", "src\Extensions.Polly\Extensions.Polly.csproj", "{74A99AC6-FE07-4CFE-BF06-87B73A834DCF}"
EndProject
Global
	GlobalSection(SolutionConfigurationPlatforms) = preSolution
		Debug|Any CPU = Debug|Any CPU
		Release|Any CPU = Release|Any CPU
	EndGlobalSection
	GlobalSection(ProjectConfigurationPlatforms) = postSolution
		{1C0E9A65-2672-412D-9691-275B3506207C}.Debug|Any CPU.ActiveCfg = Debug|Any CPU
		{1C0E9A65-2672-412D-9691-275B3506207C}.Debug|Any CPU.Build.0 = Debug|Any CPU
		{1C0E9A65-2672-412D-9691-275B3506207C}.Release|Any CPU.ActiveCfg = Release|Any CPU
		{1C0E9A65-2672-412D-9691-275B3506207C}.Release|Any CPU.Build.0 = Release|Any CPU
		{353BF97D-A409-4833-96CB-804DAD8AA396}.Debug|Any CPU.ActiveCfg = Debug|Any CPU
		{353BF97D-A409-4833-96CB-804DAD8AA396}.Debug|Any CPU.Build.0 = Debug|Any CPU
		{353BF97D-A409-4833-96CB-804DAD8AA396}.Release|Any CPU.ActiveCfg = Release|Any CPU
		{353BF97D-A409-4833-96CB-804DAD8AA396}.Release|Any CPU.Build.0 = Release|Any CPU
		{6C85A6CB-93E6-45F3-8391-ABA346EC8D8B}.Debug|Any CPU.ActiveCfg = Debug|Any CPU
		{6C85A6CB-93E6-45F3-8391-ABA346EC8D8B}.Debug|Any CPU.Build.0 = Debug|Any CPU
		{6C85A6CB-93E6-45F3-8391-ABA346EC8D8B}.Release|Any CPU.ActiveCfg = Release|Any CPU
		{6C85A6CB-93E6-45F3-8391-ABA346EC8D8B}.Release|Any CPU.Build.0 = Release|Any CPU
		{67738581-283D-4166-BD59-00F5A1AC152D}.Debug|Any CPU.ActiveCfg = Debug|Any CPU
		{67738581-283D-4166-BD59-00F5A1AC152D}.Debug|Any CPU.Build.0 = Debug|Any CPU
		{67738581-283D-4166-BD59-00F5A1AC152D}.Release|Any CPU.ActiveCfg = Release|Any CPU
		{67738581-283D-4166-BD59-00F5A1AC152D}.Release|Any CPU.Build.0 = Release|Any CPU
		{A8906367-B00E-461B-8567-A3CE7C3B2519}.Debug|Any CPU.ActiveCfg = Debug|Any CPU
		{A8906367-B00E-461B-8567-A3CE7C3B2519}.Debug|Any CPU.Build.0 = Debug|Any CPU
		{A8906367-B00E-461B-8567-A3CE7C3B2519}.Release|Any CPU.ActiveCfg = Release|Any CPU
		{A8906367-B00E-461B-8567-A3CE7C3B2519}.Release|Any CPU.Build.0 = Release|Any CPU
		{0E3CB071-3BE9-4EFE-B657-1B2EF8C559D1}.Debug|Any CPU.ActiveCfg = Debug|Any CPU
		{0E3CB071-3BE9-4EFE-B657-1B2EF8C559D1}.Debug|Any CPU.Build.0 = Debug|Any CPU
		{0E3CB071-3BE9-4EFE-B657-1B2EF8C559D1}.Release|Any CPU.ActiveCfg = Release|Any CPU
		{0E3CB071-3BE9-4EFE-B657-1B2EF8C559D1}.Release|Any CPU.Build.0 = Release|Any CPU
		{2C1CBB57-4690-4321-941C-FDAC547C2E73}.Debug|Any CPU.ActiveCfg = Debug|Any CPU
		{2C1CBB57-4690-4321-941C-FDAC547C2E73}.Debug|Any CPU.Build.0 = Debug|Any CPU
		{2C1CBB57-4690-4321-941C-FDAC547C2E73}.Release|Any CPU.ActiveCfg = Release|Any CPU
		{2C1CBB57-4690-4321-941C-FDAC547C2E73}.Release|Any CPU.Build.0 = Release|Any CPU
		{79BFE79A-F3BC-40F6-BDED-0F5D76E755D1}.Debug|Any CPU.ActiveCfg = Debug|Any CPU
		{79BFE79A-F3BC-40F6-BDED-0F5D76E755D1}.Debug|Any CPU.Build.0 = Debug|Any CPU
		{79BFE79A-F3BC-40F6-BDED-0F5D76E755D1}.Release|Any CPU.ActiveCfg = Release|Any CPU
		{79BFE79A-F3BC-40F6-BDED-0F5D76E755D1}.Release|Any CPU.Build.0 = Release|Any CPU
		{3AC1E497-D82C-4A60-B5A7-C7E53C9FEBC2}.Debug|Any CPU.ActiveCfg = Debug|Any CPU
		{3AC1E497-D82C-4A60-B5A7-C7E53C9FEBC2}.Debug|Any CPU.Build.0 = Debug|Any CPU
		{3AC1E497-D82C-4A60-B5A7-C7E53C9FEBC2}.Release|Any CPU.ActiveCfg = Release|Any CPU
		{3AC1E497-D82C-4A60-B5A7-C7E53C9FEBC2}.Release|Any CPU.Build.0 = Release|Any CPU
		{AD694054-93F9-4FA2-B7CD-B5642FCB9C90}.Debug|Any CPU.ActiveCfg = Debug|Any CPU
		{AD694054-93F9-4FA2-B7CD-B5642FCB9C90}.Debug|Any CPU.Build.0 = Debug|Any CPU
		{AD694054-93F9-4FA2-B7CD-B5642FCB9C90}.Release|Any CPU.ActiveCfg = Release|Any CPU
		{AD694054-93F9-4FA2-B7CD-B5642FCB9C90}.Release|Any CPU.Build.0 = Release|Any CPU
		{66940BC3-2ED4-4EAC-AA18-35BEB3B9C589}.Debug|Any CPU.ActiveCfg = Debug|Any CPU
		{66940BC3-2ED4-4EAC-AA18-35BEB3B9C589}.Debug|Any CPU.Build.0 = Debug|Any CPU
		{66940BC3-2ED4-4EAC-AA18-35BEB3B9C589}.Release|Any CPU.ActiveCfg = Release|Any CPU
		{66940BC3-2ED4-4EAC-AA18-35BEB3B9C589}.Release|Any CPU.Build.0 = Release|Any CPU
		{8426A54A-068D-49A4-99AF-9924DC15E110}.Debug|Any CPU.ActiveCfg = Debug|Any CPU
		{8426A54A-068D-49A4-99AF-9924DC15E110}.Debug|Any CPU.Build.0 = Debug|Any CPU
		{8426A54A-068D-49A4-99AF-9924DC15E110}.Release|Any CPU.ActiveCfg = Release|Any CPU
		{8426A54A-068D-49A4-99AF-9924DC15E110}.Release|Any CPU.Build.0 = Release|Any CPU
		{6A7B8219-AB02-4CF2-BECA-69DAEBA632AA}.Debug|Any CPU.ActiveCfg = Debug|Any CPU
		{6A7B8219-AB02-4CF2-BECA-69DAEBA632AA}.Debug|Any CPU.Build.0 = Debug|Any CPU
		{6A7B8219-AB02-4CF2-BECA-69DAEBA632AA}.Release|Any CPU.ActiveCfg = Release|Any CPU
		{6A7B8219-AB02-4CF2-BECA-69DAEBA632AA}.Release|Any CPU.Build.0 = Release|Any CPU
		{74A99AC6-FE07-4CFE-BF06-87B73A834DCF}.Debug|Any CPU.ActiveCfg = Debug|Any CPU
		{74A99AC6-FE07-4CFE-BF06-87B73A834DCF}.Debug|Any CPU.Build.0 = Debug|Any CPU
		{74A99AC6-FE07-4CFE-BF06-87B73A834DCF}.Release|Any CPU.ActiveCfg = Release|Any CPU
		{74A99AC6-FE07-4CFE-BF06-87B73A834DCF}.Release|Any CPU.Build.0 = Release|Any CPU
	EndGlobalSection
	GlobalSection(SolutionProperties) = preSolution
		HideSolutionNode = FALSE
	EndGlobalSection
	GlobalSection(ExtensibilityGlobals) = postSolution
		SolutionGuid = {680F0196-B17D-4DB3-95E4-C01F65495D53}
	EndGlobalSection
EndGlobal
